
Microsoft Visual Studio Solution File, Format Version 12.00
# Visual Studio Version 17
VisualStudioVersion = 17.0.32014.148
MinimumVisualStudioVersion = 10.0.40219.1
Project("{FAE04EC0-301F-11D3-BF4B-00C04F79EFBC}") = "HelpLone", "HelpLone\HelpLone.csproj", "{7008384F-45DA-4E65-8013-8E390F689036}"
EndProject
Global
	GlobalSection(SolutionConfigurationPlatforms) = preSolution
		Debug|Any CPU = Debug|Any CPU
		Release|Any CPU = Release|Any CPU
	EndGlobalSection
	GlobalSection(ProjectConfigurationPlatforms) = postSolution
		{7008384F-45DA-4E65-8013-8E390F689036}.Debug|Any CPU.ActiveCfg = Debug|Any CPU
		{7008384F-45DA-4E65-8013-8E390F689036}.Debug|Any CPU.Build.0 = Debug|Any CPU
		{7008384F-45DA-4E65-8013-8E390F689036}.Release|Any CPU.ActiveCfg = Release|Any CPU
		{7008384F-45DA-4E65-8013-8E390F689036}.Release|Any CPU.Build.0 = Release|Any CPU
	EndGlobalSection
	GlobalSection(SolutionProperties) = preSolution
		HideSolutionNode = FALSE
	EndGlobalSection
	GlobalSection(ExtensibilityGlobals) = postSolution
		SolutionGuid = {C548DA0E-749C-4A46-B6B0-4515EFC800C4}
	EndGlobalSection
EndGlobal
