
Microsoft Visual Studio Solution File, Format Version 12.00
# Visual Studio Version 17
VisualStudioVersion = 17.2.32616.157
MinimumVisualStudioVersion = 10.0.40219.1
Project("{FAE04EC0-301F-11D3-BF4B-00C04F79EFBC}") = "DatagridPWA", "DatagridPWA\DatagridPWA.csproj", "{46098E72-994B-4E66-8903-03E9A0095814}"
EndProject
Global
	GlobalSection(SolutionConfigurationPlatforms) = preSolution
		Debug|Any CPU = Debug|Any CPU
		Release|Any CPU = Release|Any CPU
	EndGlobalSection
	GlobalSection(ProjectConfigurationPlatforms) = postSolution
		{46098E72-994B-4E66-8903-03E9A0095814}.Debug|Any CPU.ActiveCfg = Debug|Any CPU
		{46098E72-994B-4E66-8903-03E9A0095814}.Debug|Any CPU.Build.0 = Debug|Any CPU
		{46098E72-994B-4E66-8903-03E9A0095814}.Release|Any CPU.ActiveCfg = Release|Any CPU
		{46098E72-994B-4E66-8903-03E9A0095814}.Release|Any CPU.Build.0 = Release|Any CPU
	EndGlobalSection
	GlobalSection(SolutionProperties) = preSolution
		HideSolutionNode = FALSE
	EndGlobalSection
	GlobalSection(ExtensibilityGlobals) = postSolution
		SolutionGuid = {4ED46B4C-7C97-4DBF-8527-63E92AE46CFF}
	EndGlobalSection
EndGlobal
