
Microsoft Visual Studio Solution File, Format Version 12.00
# Visual Studio Version 17
VisualStudioVersion = 17.1.32210.238
MinimumVisualStudioVersion = 10.0.40219.1
Project("{FAE04EC0-301F-11D3-BF4B-00C04F79EFBC}") = "MyBanker", "MyBanker\MyBanker.csproj", "{2897C284-D470-4702-A2B0-1753EA3808E5}"
EndProject
Global
	GlobalSection(SolutionConfigurationPlatforms) = preSolution
		Debug|Any CPU = Debug|Any CPU
		Release|Any CPU = Release|Any CPU
	EndGlobalSection
	GlobalSection(ProjectConfigurationPlatforms) = postSolution
		{2897C284-D470-4702-A2B0-1753EA3808E5}.Debug|Any CPU.ActiveCfg = Debug|Any CPU
		{2897C284-D470-4702-A2B0-1753EA3808E5}.Debug|Any CPU.Build.0 = Debug|Any CPU
		{2897C284-D470-4702-A2B0-1753EA3808E5}.Release|Any CPU.ActiveCfg = Release|Any CPU
		{2897C284-D470-4702-A2B0-1753EA3808E5}.Release|Any CPU.Build.0 = Release|Any CPU
	EndGlobalSection
	GlobalSection(SolutionProperties) = preSolution
		HideSolutionNode = FALSE
	EndGlobalSection
	GlobalSection(ExtensibilityGlobals) = postSolution
		SolutionGuid = {FE7ADEF3-0ACD-4ABC-8AA2-829B77953D03}
	EndGlobalSection
EndGlobal
