
Microsoft Visual Studio Solution File, Format Version 12.00
# Visual Studio Version 17
VisualStudioVersion = 17.1.32210.238
MinimumVisualStudioVersion = 10.0.40219.1
Project("{FAE04EC0-301F-11D3-BF4B-00C04F79EFBC}") = "ProducerConusmer", "ProducerConusmer\ProducerConusmer.csproj", "{795A2985-A65C-4AD1-BF47-386E719D83EF}"
EndProject
Global
	GlobalSection(SolutionConfigurationPlatforms) = preSolution
		Debug|Any CPU = Debug|Any CPU
		Release|Any CPU = Release|Any CPU
	EndGlobalSection
	GlobalSection(ProjectConfigurationPlatforms) = postSolution
		{795A2985-A65C-4AD1-BF47-386E719D83EF}.Debug|Any CPU.ActiveCfg = Debug|Any CPU
		{795A2985-A65C-4AD1-BF47-386E719D83EF}.Debug|Any CPU.Build.0 = Debug|Any CPU
		{795A2985-A65C-4AD1-BF47-386E719D83EF}.Release|Any CPU.ActiveCfg = Release|Any CPU
		{795A2985-A65C-4AD1-BF47-386E719D83EF}.Release|Any CPU.Build.0 = Release|Any CPU
	EndGlobalSection
	GlobalSection(SolutionProperties) = preSolution
		HideSolutionNode = FALSE
	EndGlobalSection
	GlobalSection(ExtensibilityGlobals) = postSolution
		SolutionGuid = {4737EA6B-8E26-4329-AF48-AFC71F5D038B}
	EndGlobalSection
EndGlobal
