
Microsoft Visual Studio Solution File, Format Version 12.00
# Visual Studio Version 17
VisualStudioVersion = 17.1.32210.238
MinimumVisualStudioVersion = 10.0.40219.1
Project("{FAE04EC0-301F-11D3-BF4B-00C04F79EFBC}") = "CodeFirst", "CodeFirst\CodeFirst.csproj", "{6232F12E-F179-45C7-B184-D1DED3B7107E}"
EndProject
Global
	GlobalSection(SolutionConfigurationPlatforms) = preSolution
		Debug|Any CPU = Debug|Any CPU
		Release|Any CPU = Release|Any CPU
	EndGlobalSection
	GlobalSection(ProjectConfigurationPlatforms) = postSolution
		{6232F12E-F179-45C7-B184-D1DED3B7107E}.Debug|Any CPU.ActiveCfg = Debug|Any CPU
		{6232F12E-F179-45C7-B184-D1DED3B7107E}.Debug|Any CPU.Build.0 = Debug|Any CPU
		{6232F12E-F179-45C7-B184-D1DED3B7107E}.Release|Any CPU.ActiveCfg = Release|Any CPU
		{6232F12E-F179-45C7-B184-D1DED3B7107E}.Release|Any CPU.Build.0 = Release|Any CPU
	EndGlobalSection
	GlobalSection(SolutionProperties) = preSolution
		HideSolutionNode = FALSE
	EndGlobalSection
	GlobalSection(ExtensibilityGlobals) = postSolution
		SolutionGuid = {198A3386-7CA5-49AF-9CC3-720C18661534}
	EndGlobalSection
EndGlobal
